{
  "name": "redfin-scraper",
  "version": "0.1.0",
  "lockfileVersion": 3,
  "requires": true,
  "packages": {
    "": {
      "name": "redfin-scraper",
      "version": "0.1.0",
      "license": "MIT",
      "dependencies": {
        "@unbrowse/sdk": "^12.1.1"
      },
      "bin": {
        "redfin-scraper": "index.mjs"
      },
      "engines": {
        "node": ">=18.17"
      }
    },
    "node_modules/@unbrowse/sdk": {
      "version": "12.1.1",
      "resolved": "https://registry.npmjs.org/@unbrowse/sdk/-/sdk-12.1.1.tgz",
      "integrity": "sha512-PWQftZVHd8Wajsx6PFiu8Tt9z2o/ghJbxHAtoCSLc1OqtSxTKqhh8lDc37V6g13zwyTiT5IF2nnboNeGz8dcAw==",
      "license": "MIT",
      "engines": {
        "node": ">=18.17"
      }
    }
  }
}
